
Microsoft Visual Studio Solution File, Format Version 12.00
# Visual Studio Version 17
VisualStudioVersion = 17.2.32630.192
MinimumVisualStudioVersion = 10.0.40219.1
Project("{FAE04EC0-301F-11D3-BF4B-00C04F79EFBC}") = "PRUFF", "PRUFF\PRUFF.csproj", "{EF73264B-CCF6-4DD9-9FFE-B6F10083AF5C}"
EndProject
Global
	GlobalSection(SolutionConfigurationPlatforms) = preSolution
		Debug|Any CPU = Debug|Any CPU
		Release|Any CPU = Release|Any CPU
	EndGlobalSection
	GlobalSection(ProjectConfigurationPlatforms) = postSolution
		{EF73264B-CCF6-4DD9-9FFE-B6F10083AF5C}.Debug|Any CPU.ActiveCfg = Debug|Any CPU
		{EF73264B-CCF6-4DD9-9FFE-B6F10083AF5C}.Debug|Any CPU.Build.0 = Debug|Any CPU
		{EF73264B-CCF6-4DD9-9FFE-B6F10083AF5C}.Release|Any CPU.ActiveCfg = Release|Any CPU
		{EF73264B-CCF6-4DD9-9FFE-B6F10083AF5C}.Release|Any CPU.Build.0 = Release|Any CPU
	EndGlobalSection
	GlobalSection(SolutionProperties) = preSolution
		HideSolutionNode = FALSE
	EndGlobalSection
	GlobalSection(ExtensibilityGlobals) = postSolution
		SolutionGuid = {DDFB24FA-5393-4D9D-B615-48A940DC34C8}
	EndGlobalSection
EndGlobal
